
Microsoft Visual Studio Solution File, Format Version 12.00
# Visual Studio 15
VisualStudioVersion = 15.0.27130.2036
MinimumVisualStudioVersion = 10.0.40219.1
Project("{9A19103F-16F7-4668-BE54-9A1E7A4F7556}") = "MixedDbUnitTests.Web", "MixedDbUnitTests\MixedDbUnitTests.Web.csproj", "{0D118B01-CDF3-4522-834E-2BB328D09FB5}"
EndProject
Project("{9A19103F-16F7-4668-BE54-9A1E7A4F7556}") = "MixedDbUnitTests.Persistance", "MixedDbUnitTests.Persistance\MixedDbUnitTests.Persistance.csproj", "{25FBED00-ED52-45F6-9C17-FD6713B48C16}"
EndProject
Project("{9A19103F-16F7-4668-BE54-9A1E7A4F7556}") = "MixedDbUnitTests.Tests", "MixedDbUnitTests.Tests\MixedDbUnitTests.Tests.csproj", "{82A18D30-1EC1-4538-AD66-75B345F00438}"
EndProject
Global
	GlobalSection(SolutionConfigurationPlatforms) = preSolution
		Debug|Any CPU = Debug|Any CPU
		Release|Any CPU = Release|Any CPU
	EndGlobalSection
	GlobalSection(ProjectConfigurationPlatforms) = postSolution
		{0D118B01-CDF3-4522-834E-2BB328D09FB5}.Debug|Any CPU.ActiveCfg = Debug|Any CPU
		{0D118B01-CDF3-4522-834E-2BB328D09FB5}.Debug|Any CPU.Build.0 = Debug|Any CPU
		{0D118B01-CDF3-4522-834E-2BB328D09FB5}.Release|Any CPU.ActiveCfg = Release|Any CPU
		{0D118B01-CDF3-4522-834E-2BB328D09FB5}.Release|Any CPU.Build.0 = Release|Any CPU
		{25FBED00-ED52-45F6-9C17-FD6713B48C16}.Debug|Any CPU.ActiveCfg = Debug|Any CPU
		{25FBED00-ED52-45F6-9C17-FD6713B48C16}.Debug|Any CPU.Build.0 = Debug|Any CPU
		{25FBED00-ED52-45F6-9C17-FD6713B48C16}.Release|Any CPU.ActiveCfg = Release|Any CPU
		{25FBED00-ED52-45F6-9C17-FD6713B48C16}.Release|Any CPU.Build.0 = Release|Any CPU
		{82A18D30-1EC1-4538-AD66-75B345F00438}.Debug|Any CPU.ActiveCfg = Debug|Any CPU
		{82A18D30-1EC1-4538-AD66-75B345F00438}.Debug|Any CPU.Build.0 = Debug|Any CPU
		{82A18D30-1EC1-4538-AD66-75B345F00438}.Release|Any CPU.ActiveCfg = Release|Any CPU
		{82A18D30-1EC1-4538-AD66-75B345F00438}.Release|Any CPU.Build.0 = Release|Any CPU
	EndGlobalSection
	GlobalSection(SolutionProperties) = preSolution
		HideSolutionNode = FALSE
	EndGlobalSection
	GlobalSection(ExtensibilityGlobals) = postSolution
		SolutionGuid = {0496391A-B926-4937-833B-9C65FDF0C81B}
	EndGlobalSection
EndGlobal
